// !$*UTF8*$!
{
	archiveVersion = 1;
	classes = {
	};
	objectVersion = 50;
	objects = {

/* Begin PBXBuildFile section */
		B05B772321F9625400870328 /* AppDelegate.m in Sources */ = {isa = PBXBuildFile; fileRef = B05B772221F9625400870328 /* AppDelegate.m */; };
		B05B772621F9625400870328 /* ViewController.m in Sources */ = {isa = PBXBuildFile; fileRef = B05B772521F9625400870328 /* ViewController.m */; };
		B05B772921F9625400870328 /* Main.storyboard in Resources */ = {isa = PBXBuildFile; fileRef = B05B772721F9625400870328 /* Main.storyboard */; };
		B05B772B21F9625500870328 /* Assets.xcassets in Resources */ = {isa = PBXBuildFile; fileRef = B05B772A21F9625500870328 /* Assets.xcassets */; };
		B05B772E21F9625500870328 /* LaunchScreen.storyboard in Resources */ = {isa = PBXBuildFile; fileRef = B05B772C21F9625500870328 /* LaunchScreen.storyboard */; };
		B05B773121F9625500870328 /* main.m in Sources */ = {isa = PBXBuildFile; fileRef = B05B773021F9625500870328 /* main.m */; };
		B05B773921F9626800870328 /* BBUsage.m in Sources */ = {isa = PBXBuildFile; fileRef = B05B773821F9626800870328 /* BBUsage.m */; };
/* End PBXBuildFile section */

/* Begin PBXFileReference section */
		B05B771E21F9625400870328 /* BBUsage.app */ = {isa = PBXFileReference; explicitFileType = wrapper.application; includeInIndex = 0; path = BBUsage.app; sourceTree = BUILT_PRODUCTS_DIR; };
		B05B772121F9625400870328 /* AppDelegate.h */ = {isa = PBXFileReference; lastKnownFileType = sourcecode.c.h; path = AppDelegate.h; sourceTree = "<group>"; };
		B05B772221F9625400870328 /* AppDelegate.m */ = {isa = PBXFileReference; lastKnownFileType = sourcecode.c.objc; path = AppDelegate.m; sourceTree = "<group>"; };
		B05B772421F9625400870328 /* ViewController.h */ = {isa = PBXFileReference; lastKnownFileType = sourcecode.c.h; path = ViewController.h; sourceTree = "<group>"; };
		B05B772521F9625400870328 /* ViewController.m */ = {isa = PBXFileReference; lastKnownFileType = sourcecode.c.objc; path = ViewController.m; sourceTree = "<group>"; };
		B05B772821F9625400870328 /* Base */ = {isa = PBXFileReference; lastKnownFileType = file.storyboard; name = Base; path = Base.lproj/Main.storyboard; sourceTree = "<group>"; };
		B05B772A21F9625500870328 /* Assets.xcassets */ = {isa = PBXFileReference; lastKnownFileType = folder.assetcatalog; path = Assets.xcassets; sourceTree = "<group>"; };
		B05B772D21F9625500870328 /* Base */ = {isa = PBXFileReference; lastKnownFileType = file.storyboard; name = Base; path = Base.lproj/LaunchScreen.storyboard; sourceTree = "<group>"; };
		B05B772F21F9625500870328 /* Info.plist */ = {isa = PBXFileReference; lastKnownFileType = text.plist.xml; path = Info.plist; sourceTree = "<group>"; };
		B05B773021F9625500870328 /* main.m */ = {isa = PBXFileReference; lastKnownFileType = sourcecode.c.objc; path = main.m; sourceTree = "<group>"; };
		B05B773721F9626800870328 /* BBUsage.h */ = {isa = PBXFileReference; lastKnownFileType = sourcecode.c.h; path = BBUsage.h; sourceTree = "<group>"; };
		B05B773821F9626800870328 /* BBUsage.m */ = {isa = PBXFileReference; lastKnownFileType = sourcecode.c.objc; path = BBUsage.m; sourceTree = "<group>"; };
/* End PBXFileReference section */

/* Begin PBXFrameworksBuildPhase section */
		B05B771B21F9625400870328 /* Frameworks */ = {
			isa = PBXFrameworksBuildPhase;
			buildActionMask = 2147483647;
			files = (
			);
			runOnlyForDeploymentPostprocessing = 0;
		};
/* End PBXFrameworksBuildPhase section */

/* Begin PBXGroup section */
		B05B771521F9625400870328 = {
			isa = PBXGroup;
			children = (
				B05B772021F9625400870328 /* BBUsage */,
				B05B771F21F9625400870328 /* Products */,
			);
			sourceTree = "<group>";
		};
		B05B771F21F9625400870328 /* Products */ = {
			isa = PBXGroup;
			children = (
				B05B771E21F9625400870328 /* BBUsage.app */,
			);
			name = Products;
			sourceTree = "<group>";
		};
		B05B772021F9625400870328 /* BBUsage */ = {
			isa = PBXGroup;
			children = (
				B05B772121F9625400870328 /* AppDelegate.h */,
				B05B772221F9625400870328 /* AppDelegate.m */,
				B05B772421F9625400870328 /* ViewController.h */,
				B05B772521F9625400870328 /* ViewController.m */,
				B05B773721F9626800870328 /* BBUsage.h */,
				B05B773821F9626800870328 /* BBUsage.m */,
				B05B772721F9625400870328 /* Main.storyboard */,
				B05B772A21F9625500870328 /* Assets.xcassets */,
				B05B772C21F9625500870328 /* LaunchScreen.storyboard */,
				B05B772F21F9625500870328 /* Info.plist */,
				B05B773021F9625500870328 /* main.m */,
			);
			path = BBUsage;
			sourceTree = "<group>";
		};
/* End PBXGroup section */

/* Begin PBXNativeTarget section */
		B05B771D21F9625400870328 /* BBUsage */ = {
			isa = PBXNativeTarget;
			buildConfigurationList = B05B773421F9625500870328 /* Build configuration list for PBXNativeTarget "BBUsage" */;
			buildPhases = (
				B05B771A21F9625400870328 /* Sources */,
				B05B771B21F9625400870328 /* Frameworks */,
				B05B771C21F9625400870328 /* Resources */,
			);
			buildRules = (
			);
			dependencies = (
			);
			name = BBUsage;
			productName = BBUsage;
			productReference = B05B771E21F9625400870328 /* BBUsage.app */;
			productType = "com.apple.product-type.application";
		};
/* End PBXNativeTarget section */

/* Begin PBXProject section */
		B05B771621F9625400870328 /* Project object */ = {
			isa = PBXProject;
			attributes = {
				LastUpgradeCheck = 1010;
				ORGANIZATIONNAME = ICE;
				TargetAttributes = {
					B05B771D21F9625400870328 = {
						CreatedOnToolsVersion = 10.1;
					};
				};
			};
			buildConfigurationList = B05B771921F9625400870328 /* Build configuration list for PBXProject "BBUsage" */;
			compatibilityVersion = "Xcode 9.3";
			developmentRegion = en;
			hasScannedForEncodings = 0;
			knownRegions = (
				en,
				Base,
			);
			mainGroup = B05B771521F9625400870328;
			productRefGroup = B05B771F21F9625400870328 /* Products */;
			projectDirPath = "";
			projectRoot = "";
			targets = (
				B05B771D21F9625400870328 /* BBUsage */,
			);
		};
/* End PBXProject section */

/* Begin PBXResourcesBuildPhase section */
		B05B771C21F9625400870328 /* Resources */ = {
			isa = PBXResourcesBuildPhase;
			buildActionMask = 2147483647;
			files = (
				B05B772E21F9625500870328 /* LaunchScreen.storyboard in Resources */,
				B05B772B21F9625500870328 /* Assets.xcassets in Resources */,
				B05B772921F9625400870328 /* Main.storyboard in Resources */,
			);
			runOnlyForDeploymentPostprocessing = 0;
		};
/* End PBXResourcesBuildPhase section */

/* Begin PBXSourcesBuildPhase section */
		B05B771A21F9625400870328 /* Sources */ = {
			isa = PBXSourcesBuildPhase;
			buildActionMask = 2147483647;
			files = (
				B05B772621F9625400870328 /* ViewController.m in Sources */,
				B05B773921F9626800870328 /* BBUsage.m in Sources */,
				B05B773121F9625500870328 /* main.m in Sources */,
				B05B772321F9625400870328 /* AppDelegate.m in Sources */,
			);
			runOnlyForDeploymentPostprocessing = 0;
		};
/* End PBXSourcesBuildPhase section */

/* Begin PBXVariantGroup section */
		B05B772721F9625400870328 /* Main.storyboard */ = {
			isa = PBXVariantGroup;
			children = (
				B05B772821F9625400870328 /* Base */,
			);
			name = Main.storyboard;
			sourceTree = "<group>";
		};
		B05B772C21F9625500870328 /* LaunchScreen.storyboard */ = {
			isa = PBXVariantGroup;
			children = (
				B05B772D21F9625500870328 /* Base */,
			);
			name = LaunchScreen.storyboard;
			sourceTree = "<group>";
		};
/* End PBXVariantGroup section */

/* Begin XCBuildConfiguration section */
		B05B773221F9625500870328 /* Debug */ = {
			isa = XCBuildConfiguration;
			buildSettings = {
				ALWAYS_SEARCH_USER_PATHS = NO;
				CLANG_ANALYZER_NONNULL = YES;
				CLANG_ANALYZER_NUMBER_OBJECT_CONVERSION = YES_AGGRESSIVE;
				CLANG_CXX_LANGUAGE_STANDARD = "gnu++14";
				CLANG_CXX_LIBRARY = "libc++";
				CLANG_ENABLE_MODULES = YES;
				CLANG_ENABLE_OBJC_ARC = YES;
				CLANG_ENABLE_OBJC_WEAK = YES;
				CLANG_WARN_BLOCK_CAPTURE_AUTORELEASING = YES;
				CLANG_WARN_BOOL_CONVERSION = YES;
				CLANG_WARN_COMMA = YES;
				CLANG_WARN_CONSTANT_CONVERSION = YES;
				CLANG_WARN_DEPRECATED_OBJC_IMPLEMENTATIONS = YES;
				CLANG_WARN_DIRECT_OBJC_ISA_USAGE = YES_ERROR;
				CLANG_WARN_DOCUMENTATION_COMMENTS = YES;
				CLANG_WARN_EMPTY_BODY = YES;
				CLANG_WARN_ENUM_CONVERSION = YES;
				CLANG_WARN_INFINITE_RECURSION = YES;
				CLANG_WARN_INT_CONVERSION = YES;
				CLANG_WARN_NON_LITERAL_NULL_CONVERSION = YES;
				CLANG_WARN_OBJC_IMPLICIT_RETAIN_SELF = YES;
				CLANG_WARN_OBJC_LITERAL_CONVERSION = YES;
				CLANG_WARN_OBJC_ROOT_CLASS = YES_ERROR;
				CLANG_WARN_RANGE_LOOP_ANALYSIS = YES;
				CLANG_WARN_STRICT_PROTOTYPES = YES;
				CLANG_WARN_SUSPICIOUS_MOVE = YES;
				CLANG_WARN_UNGUARDED_AVAILABILITY = YES_AGGRESSIVE;
				CLANG_WARN_UNREACHABLE_CODE = YES;
				CLANG_WARN__DUPLICATE_METHOD_MATCH = YES;
				CODE_SIGN_IDENTITY = "iPhone Developer";
				COPY_PHASE_STRIP = NO;
				DEBUG_INFORMATION_FORMAT = dwarf;
				ENABLE_STRICT_OBJC_MSGSEND = YES;
				ENABLE_TESTABILITY = YES;
				GCC_C_LANGUAGE_STANDARD = gnu11;
				GCC_DYNAMIC_NO_PIC = NO;
				GCC_NO_COMMON_BLOCKS = YES;
				GCC_OPTIMIZATION_LEVEL = 0;
				GCC_PREPROCESSOR_DEFINITIONS = (
					"DEBUG=1",
					"$(inherited)",
				);
				GCC_WARN_64_TO_32_BIT_CONVERSION = YES;
				GCC_WARN_ABOUT_RETURN_TYPE = YES_ERROR;
				GCC_WARN_UNDECLARED_SELECTOR = YES;
				GCC_WARN_UNINITIALIZED_AUTOS = YES_AGGRESSIVE;
				GCC_WARN_UNUSED_FUNCTION = YES;
				GCC_WARN_UNUSED_VARIABLE = YES;
				IPHONEOS_DEPLOYMENT_TARGET = 12.1;
				MTL_ENABLE_DEBUG_INFO = INCLUDE_SOURCE;
				MTL_FAST_MATH = YES;
				ONLY_ACTIVE_ARCH = YES;
				SDKROOT = iphoneos;
			};
			name = Debug;
		};
		B05B773321F9625500870328 /* Release */ = {
			isa = XCBuildConfiguration;
			buildSettings = {
				ALWAYS_SEARCH_USER_PATHS = NO;
				CLANG_ANALYZER_NONNULL = YES;
				CLANG_ANALYZER_NUMBER_OBJECT_CONVERSION = YES_AGGRESSIVE;
				CLANG_CXX_LANGUAGE_STANDARD = "gnu++14";
				CLANG_CXX_LIBRARY = "libc++";
				CLANG_ENABLE_MODULES = YES;
				CLANG_ENABLE_OBJC_ARC = YES;
				CLANG_ENABLE_OBJC_WEAK = YES;
				CLANG_WARN_BLOCK_CAPTURE_AUTORELEASING = YES;
				CLANG_WARN_BOOL_CONVERSION = YES;
				CLANG_WARN_COMMA = YES;
				CLANG_WARN_CONSTANT_CONVERSION = YES;
				CLANG_WARN_DEPRECATED_OBJC_IMPLEMENTATIONS = YES;
				CLANG_WARN_DIRECT_OBJC_ISA_USAGE = YES_ERROR;
				CLANG_WARN_DOCUMENTATION_COMMENTS = YES;
				CLANG_WARN_EMPTY_BODY = YES;
				CLANG_WARN_ENUM_CONVERSION = YES;
				CLANG_WARN_INFINITE_RECURSION = YES;
				CLANG_WARN_INT_CONVERSION = YES;
				CLANG_WARN_NON_LITERAL_NULL_CONVERSION = YES;
				CLANG_WARN_OBJC_IMPLICIT_RETAIN_SELF = YES;
				CLANG_WARN_OBJC_LITERAL_CONVERSION = YES;
				CLANG_WARN_OBJC_ROOT_CLASS = YES_ERROR;
				CLANG_WARN_RANGE_LOOP_ANALYSIS = YES;
				CLANG_WARN_STRICT_PROTOTYPES = YES;
				CLANG_WARN_SUSPICIOUS_MOVE = YES;
				CLANG_WARN_UNGUARDED_AVAILABILITY = YES_AGGRESSIVE;
				CLANG_WARN_UNREACHABLE_CODE = YES;
				CLANG_WARN__DUPLICATE_METHOD_MATCH = YES;
				CODE_SIGN_IDENTITY = "iPhone Developer";
				COPY_PHASE_STRIP = NO;
				DEBUG_INFORMATION_FORMAT = "dwarf-with-dsym";
				ENABLE_NS_ASSERTIONS = NO;
				ENABLE_STRICT_OBJC_MSGSEND = YES;
				GCC_C_LANGUAGE_STANDARD = gnu11;
				GCC_NO_COMMON_BLOCKS = YES;
				GCC_WARN_64_TO_32_BIT_CONVERSION = YES;
				GCC_WARN_ABOUT_RETURN_TYPE = YES_ERROR;
				GCC_WARN_UNDECLARED_SELECTOR = YES;
				GCC_WARN_UNINITIALIZED_AUTOS = YES_AGGRESSIVE;
				GCC_WARN_UNUSED_FUNCTION = YES;
				GCC_WARN_UNUSED_VARIABLE = YES;
				IPHONEOS_DEPLOYMENT_TARGET = 12.1;
				MTL_ENABLE_DEBUG_INFO = NO;
				MTL_FAST_MATH = YES;
				SDKROOT = iphoneos;
				VALIDATE_PRODUCT = YES;
			};
			name = Release;
		};
		B05B773521F9625500870328 /* Debug */ = {
			isa = XCBuildConfiguration;
			buildSettings = {
				ASSETCATALOG_COMPILER_APPICON_NAME = AppIcon;
				CODE_SIGN_STYLE = Automatic;
				DEVELOPMENT_TEAM = NC4DX4UJFQ;
				INFOPLIST_FILE = BBUsage/Info.plist;
				IPHONEOS_DEPLOYMENT_TARGET = 9.0;
				LD_RUNPATH_SEARCH_PATHS = (
					"$(inherited)",
					"@executable_path/Frameworks",
				);
				PRODUCT_BUNDLE_IDENTIFIER = com.just.driver;
				PRODUCT_NAME = "$(TARGET_NAME)";
				TARGETED_DEVICE_FAMILY = "1,2";
			};
			name = Debug;
		};
		B05B773621F9625500870328 /* Release */ = {
			isa = XCBuildConfiguration;
			buildSettings = {
				ASSETCATALOG_COMPILER_APPICON_NAME = AppIcon;
				CODE_SIGN_STYLE = Automatic;
				DEVELOPMENT_TEAM = NC4DX4UJFQ;
				INFOPLIST_FILE = BBUsage/Info.plist;
				IPHONEOS_DEPLOYMENT_TARGET = 9.0;
				LD_RUNPATH_SEARCH_PATHS = (
					"$(inherited)",
					"@executable_path/Frameworks",
				);
				PRODUCT_BUNDLE_IDENTIFIER = com.just.driver;
				PRODUCT_NAME = "$(TARGET_NAME)";
				TARGETED_DEVICE_FAMILY = "1,2";
			};
			name = Release;
		};
/* End XCBuildConfiguration section */

/* Begin XCConfigurationList section */
		B05B771921F9625400870328 /* Build configuration list for PBXProject "BBUsage" */ = {
			isa = XCConfigurationList;
			buildConfigurations = (
				B05B773221F9625500870328 /* Debug */,
				B05B773321F9625500870328 /* Release */,
			);
			defaultConfigurationIsVisible = 0;
			defaultConfigurationName = Release;
		};
		B05B773421F9625500870328 /* Build configuration list for PBXNativeTarget "BBUsage" */ = {
			isa = XCConfigurationList;
			buildConfigurations = (
				B05B773521F9625500870328 /* Debug */,
				B05B773621F9625500870328 /* Release */,
			);
			defaultConfigurationIsVisible = 0;
			defaultConfigurationName = Release;
		};
/* End XCConfigurationList section */
	};
	rootObject = B05B771621F9625400870328 /* Project object */;
}
